{
  "name": "rollup-plugin-flow",
  "version": "1.1.1",
  "lockfileVersion": 1,
  "requires": true,
  "dependencies": {
    "estree-walker": {
      "version": "0.6.1",
      "resolved": "https://registry.npmjs.org/estree-walker/-/estree-walker-0.6.1.tgz",
      "integrity": "sha512-SqmZANLWS0mnatqbSfRP5g8OXZC12Fgg1IwNtLsyHDzJizORW4khDfjPqJZsemPWBB2uqykUah5YpQ6epsqC/w=="
    },
    "flow-parser": {
      "version": "0.125.1",
      "resolved": "https://registry.npmjs.org/flow-parser/-/flow-parser-0.125.1.tgz",
      "integrity": "sha512-vrnK98a85yyaPqcZTQmHlrzb4PAiF/WgkI8xZCmyn5sT6/bAKAFbUB+VQqfzTpnvq2VwZ5SThi/xuz3zMLTFRw=="
    },
    "flow-remove-types": {
      "version": "2.125.1",
      "resolved": "https://registry.npmjs.org/flow-remove-types/-/flow-remove-types-2.125.1.tgz",
      "integrity": "sha512-HLSXvccqHf6KRqxqm4rqa81i4GQWl+8gYvdgESEOjzpHTlN77t09ehmrP+0a6td9ZzQXg22lUMoeDmTlOd5JeA==",
      "requires": {
        "flow-parser": "^0.125.1",
        "pirates": "^3.0.2",
        "vlq": "^0.2.1"
      }
    },
    "fsevents": {
      "version": "2.1.3",
      "resolved": "https://registry.npmjs.org/fsevents/-/fsevents-2.1.3.tgz",
      "integrity": "sha512-Auw9a4AxqWpa9GUfj370BMPzzyncfBABW8Mab7BGWBYDj4Isgq+cDKtx0i6u9jcX9pQDnswsaaOTgTmA5pEjuQ==",
      "dev": true,
      "optional": true
    },
    "node-modules-regexp": {
      "version": "1.0.0",
      "resolved": "https://registry.npmjs.org/node-modules-regexp/-/node-modules-regexp-1.0.0.tgz",
      "integrity": "sha1-jZ2+KJZKSsVxLpExZCEHxx6Q7EA="
    },
    "pirates": {
      "version": "3.0.2",
      "resolved": "https://registry.npmjs.org/pirates/-/pirates-3.0.2.tgz",
      "integrity": "sha512-c5CgUJq6H2k6MJz72Ak1F5sN9n9wlSlJyEnwvpm9/y3WB4E3pHBDT2c6PEiS1vyJvq2bUxUAIu0EGf8Cx4Ic7Q==",
      "requires": {
        "node-modules-regexp": "^1.0.0"
      }
    },
    "rollup": {
      "version": "2.11.2",
      "resolved": "https://registry.npmjs.org/rollup/-/rollup-2.11.2.tgz",
      "integrity": "sha512-pJT6mfH+/gh1sOWyNMAWxjbYGL5x2AfsaR0SWLRwq2e7vxOKt/0mBjtYDTVYF8JXxVzmnuDzA+EpsPLWt/oyrg==",
      "dev": true,
      "requires": {
        "fsevents": "~2.1.2"
      }
    },
    "rollup-pluginutils": {
      "version": "2.8.2",
      "resolved": "https://registry.npmjs.org/rollup-pluginutils/-/rollup-pluginutils-2.8.2.tgz",
      "integrity": "sha512-EEp9NhnUkwY8aif6bxgovPHMoMoNr2FulJziTndpt5H9RdwC47GSGuII9XxpSdzVGM0GWrNPHV6ie1LTNJPaLQ==",
      "requires": {
        "estree-walker": "^0.6.1"
      }
    },
    "vlq": {
      "version": "0.2.3",
      "resolved": "https://registry.npmjs.org/vlq/-/vlq-0.2.3.tgz",
      "integrity": "sha512-DRibZL6DsNhIgYQ+wNdWDL2SL3bKPlVrRiBqV5yuMm++op8W4kGFtaQfCs4KEJn0wBZcHVHJ3eoywX8983k1ow=="
    }
  }
}
